{"is_source_file": false, "format": "", "description": "", "external_files": [], "external_methods": [], "published": [], "classes": [], "methods": [], "calls": [], "search-terms": [], "state": 2, "file_id": 4, "knowledge_revision": 17, "git_revision": "b4c39e1db9b4c9a3dfa5a9850e4438c8986fbfc5", "hash": "9c4ed7ef73e22b872b8055bec08b8979", "format-version": 4, "code-base-name": "default", "filename": "questify_frontend/post_process_status.lock", "revision_history": [{"17": "b4c39e1db9b4c9a3dfa5a9850e4438c8986fbfc5"}]}